
Microsoft Visual Studio Solution File, Format Version 11.00
# Visual Studio 2010
Project("{FAE04EC0-301F-11D3-BF4B-00C04F79EFBC}") = "BB.SmsQuiz.Model.Tests", "tests\BB.SmsQuiz.Model.Tests\BB.SmsQuiz.Model.Tests.csproj", "{FE5C67C9-5B58-404D-838E-29CC89AEA803}"
EndProject
Project("{2150E333-8FDC-42A3-9474-1A3956D46DE8}") = "Solution Items", "Solution Items", "{47160681-707C-4253-A10C-2E65B2F89A11}"
	ProjectSection(SolutionItems) = preProject
		tests\BB.SmsQuiz.Model.Tests\BB.SmsQuiz.Model.Tests.vsmdi = tests\BB.SmsQuiz.Model.Tests\BB.SmsQuiz.Model.Tests.vsmdi
		tests\BB.SmsQuiz.Model.Tests\Local.testsettings = tests\BB.SmsQuiz.Model.Tests\Local.testsettings
		tests\BB.SmsQuiz.Model.Tests\TraceAndTestImpact.testsettings = tests\BB.SmsQuiz.Model.Tests\TraceAndTestImpact.testsettings
	EndProjectSection
EndProject
Project("{FAE04EC0-301F-11D3-BF4B-00C04F79EFBC}") = "BB.SmsQuiz.Model", "src\BB.SmsQuiz.Model\BB.SmsQuiz.Model.csproj", "{16773842-A1FE-4905-80A3-C9F73BFD5D64}"
EndProject
Project("{FAE04EC0-301F-11D3-BF4B-00C04F79EFBC}") = "BB.SmsQuiz.Infrastructure", "src\BB.SmsQuiz.Infrastructure\BB.SmsQuiz.Infrastructure.csproj", "{ACFE02A0-A487-4885-8124-CBC2E79B233E}"
EndProject
Project("{2150E333-8FDC-42A3-9474-1A3956D46DE8}") = "Tests", "Tests", "{1E2EA31A-D6A4-406E-B348-60E2B4A59FFF}"
EndProject
Project("{2150E333-8FDC-42A3-9474-1A3956D46DE8}") = "Core", "Core", "{EFF62056-9221-4CC2-9AB5-F8BB70109481}"
EndProject
Project("{2150E333-8FDC-42A3-9474-1A3956D46DE8}") = "Api", "Api", "{FF733C05-D006-48C2-8809-217C19A9E553}"
EndProject
Project("{2150E333-8FDC-42A3-9474-1A3956D46DE8}") = "UI", "UI", "{D310F6FE-AA57-4AE8-8412-72DBE5C87CAD}"
EndProject
Project("{FAE04EC0-301F-11D3-BF4B-00C04F79EFBC}") = "BB.SmsQuiz.Services", "src\BB.SmsQuiz.Services\BB.SmsQuiz.Services.csproj", "{46ABEE9C-F3E1-4FAB-AE04-8B470F545CA8}"
EndProject
Project("{FAE04EC0-301F-11D3-BF4B-00C04F79EFBC}") = "BB.SmsQuiz.Api", "src\BB.SmsQuiz.Api\BB.SmsQuiz.Api.csproj", "{A5172343-4F04-4074-8911-9D99999C935F}"
EndProject
Project("{FAE04EC0-301F-11D3-BF4B-00C04F79EFBC}") = "BB.SmsQuiz.ReadModel", "src\BB.SmsQuiz.ReadModel\BB.SmsQuiz.ReadModel.csproj", "{D6415A31-77BF-47AD-941B-BEB7C66E47AD}"
EndProject
Project("{FAE04EC0-301F-11D3-BF4B-00C04F79EFBC}") = "BB.SmsQuiz.Web", "src\BB.SmsQuiz.Web\BB.SmsQuiz.Web.csproj", "{152E3476-23D2-4263-BAF9-9A1B4183C76F}"
EndProject
Project("{FAE04EC0-301F-11D3-BF4B-00C04F79EFBC}") = "BB.SmsQuiz.Services.Tests", "tests\BB.SmsQuiz.Services.Tests\BB.SmsQuiz.Services.Tests.csproj", "{D44A7F1C-19A3-40AB-8712-1FFE205F466A}"
EndProject
Project("{FAE04EC0-301F-11D3-BF4B-00C04F79EFBC}") = "BB.SmsQuiz.Api.Tests", "tests\BB.SmsQuiz.Api.Tests\BB.SmsQuiz.Api.Tests.csproj", "{A0046853-5199-480D-A601-7EDB8AEC453F}"
EndProject
Project("{FAE04EC0-301F-11D3-BF4B-00C04F79EFBC}") = "BB.SmsQuiz.Web.Tests", "tests\BB.SmsQuiz.Web.Tests\BB.SmsQuiz.Web.Tests.csproj", "{7BACFD5E-A103-49FC-AC0F-53E836DE4281}"
EndProject
Project("{F088123C-0E9E-452A-89E6-6BA2F21D5CAC}") = "Application", "..\..\Documents\Visual Studio 2010\Projects\Application\Application.modelproj", "{4CE38C39-6E18-4864-9990-495FA5E501BD}"
EndProject
Global
	GlobalSection(TestCaseManagementSettings) = postSolution
		CategoryFile = tests\BB.SmsQuiz.Model.Tests\BB.SmsQuiz.Model.Tests.vsmdi
	EndGlobalSection
	GlobalSection(SolutionConfigurationPlatforms) = preSolution
		Debug|Any CPU = Debug|Any CPU
		Debug|Mixed Platforms = Debug|Mixed Platforms
		Debug|x86 = Debug|x86
		Release|Any CPU = Release|Any CPU
		Release|Mixed Platforms = Release|Mixed Platforms
		Release|x86 = Release|x86
	EndGlobalSection
	GlobalSection(ProjectConfigurationPlatforms) = postSolution
		{FE5C67C9-5B58-404D-838E-29CC89AEA803}.Debug|Any CPU.ActiveCfg = Debug|Any CPU
		{FE5C67C9-5B58-404D-838E-29CC89AEA803}.Debug|Any CPU.Build.0 = Debug|Any CPU
		{FE5C67C9-5B58-404D-838E-29CC89AEA803}.Debug|Mixed Platforms.ActiveCfg = Debug|Any CPU
		{FE5C67C9-5B58-404D-838E-29CC89AEA803}.Debug|Mixed Platforms.Build.0 = Debug|Any CPU
		{FE5C67C9-5B58-404D-838E-29CC89AEA803}.Debug|x86.ActiveCfg = Debug|Any CPU
		{FE5C67C9-5B58-404D-838E-29CC89AEA803}.Release|Any CPU.ActiveCfg = Release|Any CPU
		{FE5C67C9-5B58-404D-838E-29CC89AEA803}.Release|Any CPU.Build.0 = Release|Any CPU
		{FE5C67C9-5B58-404D-838E-29CC89AEA803}.Release|Mixed Platforms.ActiveCfg = Release|Any CPU
		{FE5C67C9-5B58-404D-838E-29CC89AEA803}.Release|Mixed Platforms.Build.0 = Release|Any CPU
		{FE5C67C9-5B58-404D-838E-29CC89AEA803}.Release|x86.ActiveCfg = Release|Any CPU
		{16773842-A1FE-4905-80A3-C9F73BFD5D64}.Debug|Any CPU.ActiveCfg = Debug|Any CPU
		{16773842-A1FE-4905-80A3-C9F73BFD5D64}.Debug|Any CPU.Build.0 = Debug|Any CPU
		{16773842-A1FE-4905-80A3-C9F73BFD5D64}.Debug|Mixed Platforms.ActiveCfg = Debug|Any CPU
		{16773842-A1FE-4905-80A3-C9F73BFD5D64}.Debug|Mixed Platforms.Build.0 = Debug|Any CPU
		{16773842-A1FE-4905-80A3-C9F73BFD5D64}.Debug|x86.ActiveCfg = Debug|Any CPU
		{16773842-A1FE-4905-80A3-C9F73BFD5D64}.Release|Any CPU.ActiveCfg = Release|Any CPU
		{16773842-A1FE-4905-80A3-C9F73BFD5D64}.Release|Any CPU.Build.0 = Release|Any CPU
		{16773842-A1FE-4905-80A3-C9F73BFD5D64}.Release|Mixed Platforms.ActiveCfg = Release|Any CPU
		{16773842-A1FE-4905-80A3-C9F73BFD5D64}.Release|Mixed Platforms.Build.0 = Release|Any CPU
		{16773842-A1FE-4905-80A3-C9F73BFD5D64}.Release|x86.ActiveCfg = Release|Any CPU
		{ACFE02A0-A487-4885-8124-CBC2E79B233E}.Debug|Any CPU.ActiveCfg = Debug|Any CPU
		{ACFE02A0-A487-4885-8124-CBC2E79B233E}.Debug|Any CPU.Build.0 = Debug|Any CPU
		{ACFE02A0-A487-4885-8124-CBC2E79B233E}.Debug|Mixed Platforms.ActiveCfg = Debug|Any CPU
		{ACFE02A0-A487-4885-8124-CBC2E79B233E}.Debug|Mixed Platforms.Build.0 = Debug|Any CPU
		{ACFE02A0-A487-4885-8124-CBC2E79B233E}.Debug|x86.ActiveCfg = Debug|Any CPU
		{ACFE02A0-A487-4885-8124-CBC2E79B233E}.Release|Any CPU.ActiveCfg = Release|Any CPU
		{ACFE02A0-A487-4885-8124-CBC2E79B233E}.Release|Any CPU.Build.0 = Release|Any CPU
		{ACFE02A0-A487-4885-8124-CBC2E79B233E}.Release|Mixed Platforms.ActiveCfg = Release|Any CPU
		{ACFE02A0-A487-4885-8124-CBC2E79B233E}.Release|Mixed Platforms.Build.0 = Release|Any CPU
		{ACFE02A0-A487-4885-8124-CBC2E79B233E}.Release|x86.ActiveCfg = Release|Any CPU
		{46ABEE9C-F3E1-4FAB-AE04-8B470F545CA8}.Debug|Any CPU.ActiveCfg = Debug|Any CPU
		{46ABEE9C-F3E1-4FAB-AE04-8B470F545CA8}.Debug|Any CPU.Build.0 = Debug|Any CPU
		{46ABEE9C-F3E1-4FAB-AE04-8B470F545CA8}.Debug|Mixed Platforms.ActiveCfg = Debug|Any CPU
		{46ABEE9C-F3E1-4FAB-AE04-8B470F545CA8}.Debug|Mixed Platforms.Build.0 = Debug|Any CPU
		{46ABEE9C-F3E1-4FAB-AE04-8B470F545CA8}.Debug|x86.ActiveCfg = Debug|Any CPU
		{46ABEE9C-F3E1-4FAB-AE04-8B470F545CA8}.Release|Any CPU.ActiveCfg = Release|Any CPU
		{46ABEE9C-F3E1-4FAB-AE04-8B470F545CA8}.Release|Any CPU.Build.0 = Release|Any CPU
		{46ABEE9C-F3E1-4FAB-AE04-8B470F545CA8}.Release|Mixed Platforms.ActiveCfg = Release|Any CPU
		{46ABEE9C-F3E1-4FAB-AE04-8B470F545CA8}.Release|Mixed Platforms.Build.0 = Release|Any CPU
		{46ABEE9C-F3E1-4FAB-AE04-8B470F545CA8}.Release|x86.ActiveCfg = Release|Any CPU
		{A5172343-4F04-4074-8911-9D99999C935F}.Debug|Any CPU.ActiveCfg = Debug|Any CPU
		{A5172343-4F04-4074-8911-9D99999C935F}.Debug|Any CPU.Build.0 = Debug|Any CPU
		{A5172343-4F04-4074-8911-9D99999C935F}.Debug|Mixed Platforms.ActiveCfg = Debug|Any CPU
		{A5172343-4F04-4074-8911-9D99999C935F}.Debug|Mixed Platforms.Build.0 = Debug|Any CPU
		{A5172343-4F04-4074-8911-9D99999C935F}.Debug|x86.ActiveCfg = Debug|Any CPU
		{A5172343-4F04-4074-8911-9D99999C935F}.Release|Any CPU.ActiveCfg = Release|Any CPU
		{A5172343-4F04-4074-8911-9D99999C935F}.Release|Any CPU.Build.0 = Release|Any CPU
		{A5172343-4F04-4074-8911-9D99999C935F}.Release|Mixed Platforms.ActiveCfg = Release|Any CPU
		{A5172343-4F04-4074-8911-9D99999C935F}.Release|Mixed Platforms.Build.0 = Release|Any CPU
		{A5172343-4F04-4074-8911-9D99999C935F}.Release|x86.ActiveCfg = Release|Any CPU
		{D6415A31-77BF-47AD-941B-BEB7C66E47AD}.Debug|Any CPU.ActiveCfg = Debug|Any CPU
		{D6415A31-77BF-47AD-941B-BEB7C66E47AD}.Debug|Any CPU.Build.0 = Debug|Any CPU
		{D6415A31-77BF-47AD-941B-BEB7C66E47AD}.Debug|Mixed Platforms.ActiveCfg = Debug|Any CPU
		{D6415A31-77BF-47AD-941B-BEB7C66E47AD}.Debug|Mixed Platforms.Build.0 = Debug|Any CPU
		{D6415A31-77BF-47AD-941B-BEB7C66E47AD}.Debug|x86.ActiveCfg = Debug|Any CPU
		{D6415A31-77BF-47AD-941B-BEB7C66E47AD}.Release|Any CPU.ActiveCfg = Release|Any CPU
		{D6415A31-77BF-47AD-941B-BEB7C66E47AD}.Release|Any CPU.Build.0 = Release|Any CPU
		{D6415A31-77BF-47AD-941B-BEB7C66E47AD}.Release|Mixed Platforms.ActiveCfg = Release|Any CPU
		{D6415A31-77BF-47AD-941B-BEB7C66E47AD}.Release|Mixed Platforms.Build.0 = Release|Any CPU
		{D6415A31-77BF-47AD-941B-BEB7C66E47AD}.Release|x86.ActiveCfg = Release|Any CPU
		{152E3476-23D2-4263-BAF9-9A1B4183C76F}.Debug|Any CPU.ActiveCfg = Debug|Any CPU
		{152E3476-23D2-4263-BAF9-9A1B4183C76F}.Debug|Any CPU.Build.0 = Debug|Any CPU
		{152E3476-23D2-4263-BAF9-9A1B4183C76F}.Debug|Mixed Platforms.ActiveCfg = Debug|Any CPU
		{152E3476-23D2-4263-BAF9-9A1B4183C76F}.Debug|Mixed Platforms.Build.0 = Debug|Any CPU
		{152E3476-23D2-4263-BAF9-9A1B4183C76F}.Debug|x86.ActiveCfg = Debug|Any CPU
		{152E3476-23D2-4263-BAF9-9A1B4183C76F}.Release|Any CPU.ActiveCfg = Release|Any CPU
		{152E3476-23D2-4263-BAF9-9A1B4183C76F}.Release|Any CPU.Build.0 = Release|Any CPU
		{152E3476-23D2-4263-BAF9-9A1B4183C76F}.Release|Mixed Platforms.ActiveCfg = Release|Any CPU
		{152E3476-23D2-4263-BAF9-9A1B4183C76F}.Release|Mixed Platforms.Build.0 = Release|Any CPU
		{152E3476-23D2-4263-BAF9-9A1B4183C76F}.Release|x86.ActiveCfg = Release|Any CPU
		{D44A7F1C-19A3-40AB-8712-1FFE205F466A}.Debug|Any CPU.ActiveCfg = Debug|Any CPU
		{D44A7F1C-19A3-40AB-8712-1FFE205F466A}.Debug|Any CPU.Build.0 = Debug|Any CPU
		{D44A7F1C-19A3-40AB-8712-1FFE205F466A}.Debug|Mixed Platforms.ActiveCfg = Debug|Any CPU
		{D44A7F1C-19A3-40AB-8712-1FFE205F466A}.Debug|Mixed Platforms.Build.0 = Debug|Any CPU
		{D44A7F1C-19A3-40AB-8712-1FFE205F466A}.Debug|x86.ActiveCfg = Debug|Any CPU
		{D44A7F1C-19A3-40AB-8712-1FFE205F466A}.Release|Any CPU.ActiveCfg = Release|Any CPU
		{D44A7F1C-19A3-40AB-8712-1FFE205F466A}.Release|Any CPU.Build.0 = Release|Any CPU
		{D44A7F1C-19A3-40AB-8712-1FFE205F466A}.Release|Mixed Platforms.ActiveCfg = Release|Any CPU
		{D44A7F1C-19A3-40AB-8712-1FFE205F466A}.Release|Mixed Platforms.Build.0 = Release|Any CPU
		{D44A7F1C-19A3-40AB-8712-1FFE205F466A}.Release|x86.ActiveCfg = Release|Any CPU
		{A0046853-5199-480D-A601-7EDB8AEC453F}.Debug|Any CPU.ActiveCfg = Debug|Any CPU
		{A0046853-5199-480D-A601-7EDB8AEC453F}.Debug|Any CPU.Build.0 = Debug|Any CPU
		{A0046853-5199-480D-A601-7EDB8AEC453F}.Debug|Mixed Platforms.ActiveCfg = Debug|Any CPU
		{A0046853-5199-480D-A601-7EDB8AEC453F}.Debug|Mixed Platforms.Build.0 = Debug|Any CPU
		{A0046853-5199-480D-A601-7EDB8AEC453F}.Debug|x86.ActiveCfg = Debug|Any CPU
		{A0046853-5199-480D-A601-7EDB8AEC453F}.Release|Any CPU.ActiveCfg = Release|Any CPU
		{A0046853-5199-480D-A601-7EDB8AEC453F}.Release|Any CPU.Build.0 = Release|Any CPU
		{A0046853-5199-480D-A601-7EDB8AEC453F}.Release|Mixed Platforms.ActiveCfg = Release|Any CPU
		{A0046853-5199-480D-A601-7EDB8AEC453F}.Release|Mixed Platforms.Build.0 = Release|Any CPU
		{A0046853-5199-480D-A601-7EDB8AEC453F}.Release|x86.ActiveCfg = Release|Any CPU
		{7BACFD5E-A103-49FC-AC0F-53E836DE4281}.Debug|Any CPU.ActiveCfg = Debug|Any CPU
		{7BACFD5E-A103-49FC-AC0F-53E836DE4281}.Debug|Any CPU.Build.0 = Debug|Any CPU
		{7BACFD5E-A103-49FC-AC0F-53E836DE4281}.Debug|Mixed Platforms.ActiveCfg = Debug|Any CPU
		{7BACFD5E-A103-49FC-AC0F-53E836DE4281}.Debug|Mixed Platforms.Build.0 = Debug|Any CPU
		{7BACFD5E-A103-49FC-AC0F-53E836DE4281}.Debug|x86.ActiveCfg = Debug|Any CPU
		{7BACFD5E-A103-49FC-AC0F-53E836DE4281}.Release|Any CPU.ActiveCfg = Release|Any CPU
		{7BACFD5E-A103-49FC-AC0F-53E836DE4281}.Release|Any CPU.Build.0 = Release|Any CPU
		{7BACFD5E-A103-49FC-AC0F-53E836DE4281}.Release|Mixed Platforms.ActiveCfg = Release|Any CPU
		{7BACFD5E-A103-49FC-AC0F-53E836DE4281}.Release|Mixed Platforms.Build.0 = Release|Any CPU
		{7BACFD5E-A103-49FC-AC0F-53E836DE4281}.Release|x86.ActiveCfg = Release|Any CPU
		{4CE38C39-6E18-4864-9990-495FA5E501BD}.Debug|Any CPU.ActiveCfg = Debug|Any CPU
		{4CE38C39-6E18-4864-9990-495FA5E501BD}.Debug|Any CPU.Build.0 = Debug|Any CPU
		{4CE38C39-6E18-4864-9990-495FA5E501BD}.Debug|Mixed Platforms.ActiveCfg = Debug|Any CPU
		{4CE38C39-6E18-4864-9990-495FA5E501BD}.Debug|Mixed Platforms.Build.0 = Debug|Any CPU
		{4CE38C39-6E18-4864-9990-495FA5E501BD}.Debug|x86.ActiveCfg = Debug|Any CPU
		{4CE38C39-6E18-4864-9990-495FA5E501BD}.Release|Any CPU.ActiveCfg = Release|Any CPU
		{4CE38C39-6E18-4864-9990-495FA5E501BD}.Release|Any CPU.Build.0 = Release|Any CPU
		{4CE38C39-6E18-4864-9990-495FA5E501BD}.Release|Mixed Platforms.ActiveCfg = Release|Any CPU
		{4CE38C39-6E18-4864-9990-495FA5E501BD}.Release|Mixed Platforms.Build.0 = Release|Any CPU
		{4CE38C39-6E18-4864-9990-495FA5E501BD}.Release|x86.ActiveCfg = Release|Any CPU
	EndGlobalSection
	GlobalSection(SolutionProperties) = preSolution
		HideSolutionNode = FALSE
	EndGlobalSection
	GlobalSection(NestedProjects) = preSolution
		{FE5C67C9-5B58-404D-838E-29CC89AEA803} = {1E2EA31A-D6A4-406E-B348-60E2B4A59FFF}
		{D44A7F1C-19A3-40AB-8712-1FFE205F466A} = {1E2EA31A-D6A4-406E-B348-60E2B4A59FFF}
		{A0046853-5199-480D-A601-7EDB8AEC453F} = {1E2EA31A-D6A4-406E-B348-60E2B4A59FFF}
		{7BACFD5E-A103-49FC-AC0F-53E836DE4281} = {1E2EA31A-D6A4-406E-B348-60E2B4A59FFF}
		{ACFE02A0-A487-4885-8124-CBC2E79B233E} = {EFF62056-9221-4CC2-9AB5-F8BB70109481}
		{16773842-A1FE-4905-80A3-C9F73BFD5D64} = {EFF62056-9221-4CC2-9AB5-F8BB70109481}
		{46ABEE9C-F3E1-4FAB-AE04-8B470F545CA8} = {EFF62056-9221-4CC2-9AB5-F8BB70109481}
		{D6415A31-77BF-47AD-941B-BEB7C66E47AD} = {EFF62056-9221-4CC2-9AB5-F8BB70109481}
		{A5172343-4F04-4074-8911-9D99999C935F} = {FF733C05-D006-48C2-8809-217C19A9E553}
		{152E3476-23D2-4263-BAF9-9A1B4183C76F} = {D310F6FE-AA57-4AE8-8412-72DBE5C87CAD}
	EndGlobalSection
EndGlobal
