
Microsoft Visual Studio Solution File, Format Version 12.00
# Visual Studio 2012
Project("{2150E333-8FDC-42A3-9474-1A3956D46DE8}") = "Solution Items", "Solution Items", "{47160681-707C-4253-A10C-2E65B2F89A11}"
	ProjectSection(SolutionItems) = preProject
		tests\BB.SmsQuiz.Model.Tests\BB.SmsQuiz.Model.Tests.vsmdi = tests\BB.SmsQuiz.Model.Tests\BB.SmsQuiz.Model.Tests.vsmdi
		tests\BB.SmsQuiz.Model.Tests\Local.testsettings = tests\BB.SmsQuiz.Model.Tests\Local.testsettings
		tests\BB.SmsQuiz.Model.Tests\TraceAndTestImpact.testsettings = tests\BB.SmsQuiz.Model.Tests\TraceAndTestImpact.testsettings
	EndProjectSection
EndProject
Project("{2150E333-8FDC-42A3-9474-1A3956D46DE8}") = "Core", "Core", "{EFF62056-9221-4CC2-9AB5-F8BB70109481}"
EndProject
Project("{2150E333-8FDC-42A3-9474-1A3956D46DE8}") = "Api", "Api", "{FF733C05-D006-48C2-8809-217C19A9E553}"
EndProject
Project("{2150E333-8FDC-42A3-9474-1A3956D46DE8}") = "UI", "UI", "{D310F6FE-AA57-4AE8-8412-72DBE5C87CAD}"
EndProject
Project("{FAE04EC0-301F-11D3-BF4B-00C04F79EFBC}") = "BB.SmsQuiz.Model", "src\BB.SmsQuiz.Model\BB.SmsQuiz.Model.csproj", "{16773842-A1FE-4905-80A3-C9F73BFD5D64}"
EndProject
Project("{FAE04EC0-301F-11D3-BF4B-00C04F79EFBC}") = "BB.SmsQuiz.Infrastructure", "src\BB.SmsQuiz.Infrastructure\BB.SmsQuiz.Infrastructure.csproj", "{ACFE02A0-A487-4885-8124-CBC2E79B233E}"
EndProject
Project("{FAE04EC0-301F-11D3-BF4B-00C04F79EFBC}") = "BB.SmsQuiz.Api", "src\BB.SmsQuiz.Api\BB.SmsQuiz.Api.csproj", "{A5172343-4F04-4074-8911-9D99999C935F}"
EndProject
Project("{FAE04EC0-301F-11D3-BF4B-00C04F79EFBC}") = "BB.SmsQuiz.Web", "src\BB.SmsQuiz.Web\BB.SmsQuiz.Web.csproj", "{152E3476-23D2-4263-BAF9-9A1B4183C76F}"
EndProject
Project("{2150E333-8FDC-42A3-9474-1A3956D46DE8}") = "Tests", "Tests", "{18119E57-086C-46D7-ACB7-132F15CA83F1}"
EndProject
Project("{FAE04EC0-301F-11D3-BF4B-00C04F79EFBC}") = "BB.SmsQuiz.Model.Tests", "tests\BB.SmsQuiz.Model.Tests\BB.SmsQuiz.Model.Tests.csproj", "{FE5C67C9-5B58-404D-838E-29CC89AEA803}"
EndProject
Project("{FAE04EC0-301F-11D3-BF4B-00C04F79EFBC}") = "BB.SmsQuiz.ApiModel", "src\BB.SmsQuiz.ApiModel\BB.SmsQuiz.ApiModel.csproj", "{FBFE64A2-E6B7-49B8-933D-5F788016127F}"
EndProject
Project("{00D1A9C2-B5F0-4AF3-8072-F6C62B433612}") = "BB.SmsQuiz.Database", "src\BB.SmsQuiz.Database\BB.SmsQuiz.Database.sqlproj", "{2FADD315-FB3E-4060-BB96-45C2C2E6B0A9}"
EndProject
Project("{2150E333-8FDC-42A3-9474-1A3956D46DE8}") = "DataMapper", "DataMapper", "{BC2E8968-71F7-4055-A8F7-B2AB0AFEB78D}"
EndProject
Project("{FAE04EC0-301F-11D3-BF4B-00C04F79EFBC}") = "BB.SmsQuiz.DataMappers", "src\BB.SmsQuiz.DataMappers\BB.SmsQuiz.DataMappers.csproj", "{767218FC-AB5F-4469-9795-536EEB6210F1}"
EndProject
Global
	GlobalSection(TestCaseManagementSettings) = postSolution
		CategoryFile = tests\BB.SmsQuiz.Model.Tests\BB.SmsQuiz.Model.Tests.vsmdi
	EndGlobalSection
	GlobalSection(SolutionConfigurationPlatforms) = preSolution
		Debug|Any CPU = Debug|Any CPU
		Debug|Mixed Platforms = Debug|Mixed Platforms
		Debug|x86 = Debug|x86
		Release|Any CPU = Release|Any CPU
		Release|Mixed Platforms = Release|Mixed Platforms
		Release|x86 = Release|x86
	EndGlobalSection
	GlobalSection(ProjectConfigurationPlatforms) = postSolution
		{16773842-A1FE-4905-80A3-C9F73BFD5D64}.Debug|Any CPU.ActiveCfg = Debug|Any CPU
		{16773842-A1FE-4905-80A3-C9F73BFD5D64}.Debug|Any CPU.Build.0 = Debug|Any CPU
		{16773842-A1FE-4905-80A3-C9F73BFD5D64}.Debug|Mixed Platforms.ActiveCfg = Debug|Any CPU
		{16773842-A1FE-4905-80A3-C9F73BFD5D64}.Debug|Mixed Platforms.Build.0 = Debug|Any CPU
		{16773842-A1FE-4905-80A3-C9F73BFD5D64}.Debug|x86.ActiveCfg = Debug|Any CPU
		{16773842-A1FE-4905-80A3-C9F73BFD5D64}.Release|Any CPU.ActiveCfg = Release|Any CPU
		{16773842-A1FE-4905-80A3-C9F73BFD5D64}.Release|Any CPU.Build.0 = Release|Any CPU
		{16773842-A1FE-4905-80A3-C9F73BFD5D64}.Release|Mixed Platforms.ActiveCfg = Release|Any CPU
		{16773842-A1FE-4905-80A3-C9F73BFD5D64}.Release|Mixed Platforms.Build.0 = Release|Any CPU
		{16773842-A1FE-4905-80A3-C9F73BFD5D64}.Release|x86.ActiveCfg = Release|Any CPU
		{ACFE02A0-A487-4885-8124-CBC2E79B233E}.Debug|Any CPU.ActiveCfg = Debug|Any CPU
		{ACFE02A0-A487-4885-8124-CBC2E79B233E}.Debug|Any CPU.Build.0 = Debug|Any CPU
		{ACFE02A0-A487-4885-8124-CBC2E79B233E}.Debug|Mixed Platforms.ActiveCfg = Debug|Any CPU
		{ACFE02A0-A487-4885-8124-CBC2E79B233E}.Debug|Mixed Platforms.Build.0 = Debug|Any CPU
		{ACFE02A0-A487-4885-8124-CBC2E79B233E}.Debug|x86.ActiveCfg = Debug|Any CPU
		{ACFE02A0-A487-4885-8124-CBC2E79B233E}.Release|Any CPU.ActiveCfg = Release|Any CPU
		{ACFE02A0-A487-4885-8124-CBC2E79B233E}.Release|Any CPU.Build.0 = Release|Any CPU
		{ACFE02A0-A487-4885-8124-CBC2E79B233E}.Release|Mixed Platforms.ActiveCfg = Release|Any CPU
		{ACFE02A0-A487-4885-8124-CBC2E79B233E}.Release|Mixed Platforms.Build.0 = Release|Any CPU
		{ACFE02A0-A487-4885-8124-CBC2E79B233E}.Release|x86.ActiveCfg = Release|Any CPU
		{A5172343-4F04-4074-8911-9D99999C935F}.Debug|Any CPU.ActiveCfg = Debug|Any CPU
		{A5172343-4F04-4074-8911-9D99999C935F}.Debug|Any CPU.Build.0 = Debug|Any CPU
		{A5172343-4F04-4074-8911-9D99999C935F}.Debug|Mixed Platforms.ActiveCfg = Debug|Any CPU
		{A5172343-4F04-4074-8911-9D99999C935F}.Debug|Mixed Platforms.Build.0 = Debug|Any CPU
		{A5172343-4F04-4074-8911-9D99999C935F}.Debug|x86.ActiveCfg = Debug|Any CPU
		{A5172343-4F04-4074-8911-9D99999C935F}.Release|Any CPU.ActiveCfg = Release|Any CPU
		{A5172343-4F04-4074-8911-9D99999C935F}.Release|Any CPU.Build.0 = Release|Any CPU
		{A5172343-4F04-4074-8911-9D99999C935F}.Release|Mixed Platforms.ActiveCfg = Release|Any CPU
		{A5172343-4F04-4074-8911-9D99999C935F}.Release|Mixed Platforms.Build.0 = Release|Any CPU
		{A5172343-4F04-4074-8911-9D99999C935F}.Release|x86.ActiveCfg = Release|Any CPU
		{152E3476-23D2-4263-BAF9-9A1B4183C76F}.Debug|Any CPU.ActiveCfg = Debug|Any CPU
		{152E3476-23D2-4263-BAF9-9A1B4183C76F}.Debug|Any CPU.Build.0 = Debug|Any CPU
		{152E3476-23D2-4263-BAF9-9A1B4183C76F}.Debug|Mixed Platforms.ActiveCfg = Debug|Any CPU
		{152E3476-23D2-4263-BAF9-9A1B4183C76F}.Debug|Mixed Platforms.Build.0 = Debug|Any CPU
		{152E3476-23D2-4263-BAF9-9A1B4183C76F}.Debug|x86.ActiveCfg = Debug|Any CPU
		{152E3476-23D2-4263-BAF9-9A1B4183C76F}.Release|Any CPU.ActiveCfg = Release|Any CPU
		{152E3476-23D2-4263-BAF9-9A1B4183C76F}.Release|Any CPU.Build.0 = Release|Any CPU
		{152E3476-23D2-4263-BAF9-9A1B4183C76F}.Release|Mixed Platforms.ActiveCfg = Release|Any CPU
		{152E3476-23D2-4263-BAF9-9A1B4183C76F}.Release|Mixed Platforms.Build.0 = Release|Any CPU
		{152E3476-23D2-4263-BAF9-9A1B4183C76F}.Release|x86.ActiveCfg = Release|Any CPU
		{FE5C67C9-5B58-404D-838E-29CC89AEA803}.Debug|Any CPU.ActiveCfg = Debug|Any CPU
		{FE5C67C9-5B58-404D-838E-29CC89AEA803}.Debug|Any CPU.Build.0 = Debug|Any CPU
		{FE5C67C9-5B58-404D-838E-29CC89AEA803}.Debug|Mixed Platforms.ActiveCfg = Debug|Any CPU
		{FE5C67C9-5B58-404D-838E-29CC89AEA803}.Debug|Mixed Platforms.Build.0 = Debug|Any CPU
		{FE5C67C9-5B58-404D-838E-29CC89AEA803}.Debug|x86.ActiveCfg = Debug|Any CPU
		{FE5C67C9-5B58-404D-838E-29CC89AEA803}.Release|Any CPU.ActiveCfg = Release|Any CPU
		{FE5C67C9-5B58-404D-838E-29CC89AEA803}.Release|Any CPU.Build.0 = Release|Any CPU
		{FE5C67C9-5B58-404D-838E-29CC89AEA803}.Release|Mixed Platforms.ActiveCfg = Release|Any CPU
		{FE5C67C9-5B58-404D-838E-29CC89AEA803}.Release|Mixed Platforms.Build.0 = Release|Any CPU
		{FE5C67C9-5B58-404D-838E-29CC89AEA803}.Release|x86.ActiveCfg = Release|Any CPU
		{FBFE64A2-E6B7-49B8-933D-5F788016127F}.Debug|Any CPU.ActiveCfg = Debug|Any CPU
		{FBFE64A2-E6B7-49B8-933D-5F788016127F}.Debug|Any CPU.Build.0 = Debug|Any CPU
		{FBFE64A2-E6B7-49B8-933D-5F788016127F}.Debug|Mixed Platforms.ActiveCfg = Debug|Any CPU
		{FBFE64A2-E6B7-49B8-933D-5F788016127F}.Debug|Mixed Platforms.Build.0 = Debug|Any CPU
		{FBFE64A2-E6B7-49B8-933D-5F788016127F}.Debug|x86.ActiveCfg = Debug|Any CPU
		{FBFE64A2-E6B7-49B8-933D-5F788016127F}.Release|Any CPU.ActiveCfg = Release|Any CPU
		{FBFE64A2-E6B7-49B8-933D-5F788016127F}.Release|Any CPU.Build.0 = Release|Any CPU
		{FBFE64A2-E6B7-49B8-933D-5F788016127F}.Release|Mixed Platforms.ActiveCfg = Release|Any CPU
		{FBFE64A2-E6B7-49B8-933D-5F788016127F}.Release|Mixed Platforms.Build.0 = Release|Any CPU
		{FBFE64A2-E6B7-49B8-933D-5F788016127F}.Release|x86.ActiveCfg = Release|Any CPU
		{2FADD315-FB3E-4060-BB96-45C2C2E6B0A9}.Debug|Any CPU.ActiveCfg = Debug|Any CPU
		{2FADD315-FB3E-4060-BB96-45C2C2E6B0A9}.Debug|Any CPU.Build.0 = Debug|Any CPU
		{2FADD315-FB3E-4060-BB96-45C2C2E6B0A9}.Debug|Any CPU.Deploy.0 = Debug|Any CPU
		{2FADD315-FB3E-4060-BB96-45C2C2E6B0A9}.Debug|Mixed Platforms.ActiveCfg = Debug|Any CPU
		{2FADD315-FB3E-4060-BB96-45C2C2E6B0A9}.Debug|Mixed Platforms.Build.0 = Debug|Any CPU
		{2FADD315-FB3E-4060-BB96-45C2C2E6B0A9}.Debug|Mixed Platforms.Deploy.0 = Debug|Any CPU
		{2FADD315-FB3E-4060-BB96-45C2C2E6B0A9}.Debug|x86.ActiveCfg = Debug|Any CPU
		{2FADD315-FB3E-4060-BB96-45C2C2E6B0A9}.Release|Any CPU.ActiveCfg = Release|Any CPU
		{2FADD315-FB3E-4060-BB96-45C2C2E6B0A9}.Release|Any CPU.Build.0 = Release|Any CPU
		{2FADD315-FB3E-4060-BB96-45C2C2E6B0A9}.Release|Any CPU.Deploy.0 = Release|Any CPU
		{2FADD315-FB3E-4060-BB96-45C2C2E6B0A9}.Release|Mixed Platforms.ActiveCfg = Release|Any CPU
		{2FADD315-FB3E-4060-BB96-45C2C2E6B0A9}.Release|Mixed Platforms.Build.0 = Release|Any CPU
		{2FADD315-FB3E-4060-BB96-45C2C2E6B0A9}.Release|Mixed Platforms.Deploy.0 = Release|Any CPU
		{2FADD315-FB3E-4060-BB96-45C2C2E6B0A9}.Release|x86.ActiveCfg = Release|Any CPU
		{767218FC-AB5F-4469-9795-536EEB6210F1}.Debug|Any CPU.ActiveCfg = Debug|Any CPU
		{767218FC-AB5F-4469-9795-536EEB6210F1}.Debug|Any CPU.Build.0 = Debug|Any CPU
		{767218FC-AB5F-4469-9795-536EEB6210F1}.Debug|Mixed Platforms.ActiveCfg = Debug|Any CPU
		{767218FC-AB5F-4469-9795-536EEB6210F1}.Debug|Mixed Platforms.Build.0 = Debug|Any CPU
		{767218FC-AB5F-4469-9795-536EEB6210F1}.Debug|x86.ActiveCfg = Debug|Any CPU
		{767218FC-AB5F-4469-9795-536EEB6210F1}.Release|Any CPU.ActiveCfg = Release|Any CPU
		{767218FC-AB5F-4469-9795-536EEB6210F1}.Release|Any CPU.Build.0 = Release|Any CPU
		{767218FC-AB5F-4469-9795-536EEB6210F1}.Release|Mixed Platforms.ActiveCfg = Release|Any CPU
		{767218FC-AB5F-4469-9795-536EEB6210F1}.Release|Mixed Platforms.Build.0 = Release|Any CPU
		{767218FC-AB5F-4469-9795-536EEB6210F1}.Release|x86.ActiveCfg = Release|Any CPU
	EndGlobalSection
	GlobalSection(SolutionProperties) = preSolution
		HideSolutionNode = FALSE
	EndGlobalSection
	GlobalSection(NestedProjects) = preSolution
		{16773842-A1FE-4905-80A3-C9F73BFD5D64} = {EFF62056-9221-4CC2-9AB5-F8BB70109481}
		{ACFE02A0-A487-4885-8124-CBC2E79B233E} = {EFF62056-9221-4CC2-9AB5-F8BB70109481}
		{18119E57-086C-46D7-ACB7-132F15CA83F1} = {EFF62056-9221-4CC2-9AB5-F8BB70109481}
		{A5172343-4F04-4074-8911-9D99999C935F} = {FF733C05-D006-48C2-8809-217C19A9E553}
		{FBFE64A2-E6B7-49B8-933D-5F788016127F} = {FF733C05-D006-48C2-8809-217C19A9E553}
		{152E3476-23D2-4263-BAF9-9A1B4183C76F} = {D310F6FE-AA57-4AE8-8412-72DBE5C87CAD}
		{FE5C67C9-5B58-404D-838E-29CC89AEA803} = {18119E57-086C-46D7-ACB7-132F15CA83F1}
		{767218FC-AB5F-4469-9795-536EEB6210F1} = {BC2E8968-71F7-4055-A8F7-B2AB0AFEB78D}
	EndGlobalSection
	GlobalSection(ExtensibilityGlobals) = postSolution
		EnterpriseLibraryConfigurationToolBinariesPath = packages\Unity.2.1.505.2\lib\NET35;packages\Unity.Interception.2.1.505.2\lib\NET35;packages\EnterpriseLibrary.Common.5.0.505.0\lib\NET35;packages\EnterpriseLibrary.Data.5.0.505.0\lib\NET35
	EndGlobalSection
EndGlobal
